
Microsoft Visual Studio Solution File, Format Version 12.00
# Visual Studio 2012
Project("{2150E333-8FDC-42A3-9474-1A3956D46DE8}") = "SqlServer", "SqlServer", "{BE954DFD-D541-47C5-8042-4BA6267E7F96}"
EndProject
Project("{2150E333-8FDC-42A3-9474-1A3956D46DE8}") = "Azure", "Azure", "{90D669C5-C29F-4DAC-9532-C621DFBD06E5}"
EndProject
Project("{FAE04EC0-301F-11D3-BF4B-00C04F79EFBC}") = "VirtualPathProviders.SqlServerVirtualPathProvider", "VirtualPathProviders.SqlServerVirtualPathProvider\VirtualPathProviders.SqlServerVirtualPathProvider.csproj", "{A71506A8-2EC5-48E6-8920-8456C6844DD9}"
EndProject
Project("{2150E333-8FDC-42A3-9474-1A3956D46DE8}") = "Tests", "Tests", "{13CEFF55-6D42-4887-BFC7-6C7E224BC64C}"
EndProject
Project("{FAE04EC0-301F-11D3-BF4B-00C04F79EFBC}") = "VirtualPathProviders.SqlServerVirtualPathProvider.Tests", "VirtualPathProviders.SqlServerVirtualPathProvider.Tests\VirtualPathProviders.SqlServerVirtualPathProvider.Tests.csproj", "{F6A082AE-A6EF-4A1A-9BFE-77DAAD9527D2}"
EndProject
Global
	GlobalSection(SolutionConfigurationPlatforms) = preSolution
		Debug|Any CPU = Debug|Any CPU
		Release|Any CPU = Release|Any CPU
	EndGlobalSection
	GlobalSection(ProjectConfigurationPlatforms) = postSolution
		{A71506A8-2EC5-48E6-8920-8456C6844DD9}.Debug|Any CPU.ActiveCfg = Debug|Any CPU
		{A71506A8-2EC5-48E6-8920-8456C6844DD9}.Debug|Any CPU.Build.0 = Debug|Any CPU
		{A71506A8-2EC5-48E6-8920-8456C6844DD9}.Release|Any CPU.ActiveCfg = Release|Any CPU
		{A71506A8-2EC5-48E6-8920-8456C6844DD9}.Release|Any CPU.Build.0 = Release|Any CPU
		{F6A082AE-A6EF-4A1A-9BFE-77DAAD9527D2}.Debug|Any CPU.ActiveCfg = Debug|Any CPU
		{F6A082AE-A6EF-4A1A-9BFE-77DAAD9527D2}.Debug|Any CPU.Build.0 = Debug|Any CPU
		{F6A082AE-A6EF-4A1A-9BFE-77DAAD9527D2}.Release|Any CPU.ActiveCfg = Release|Any CPU
		{F6A082AE-A6EF-4A1A-9BFE-77DAAD9527D2}.Release|Any CPU.Build.0 = Release|Any CPU
	EndGlobalSection
	GlobalSection(SolutionProperties) = preSolution
		HideSolutionNode = FALSE
	EndGlobalSection
	GlobalSection(NestedProjects) = preSolution
		{A71506A8-2EC5-48E6-8920-8456C6844DD9} = {BE954DFD-D541-47C5-8042-4BA6267E7F96}
		{13CEFF55-6D42-4887-BFC7-6C7E224BC64C} = {BE954DFD-D541-47C5-8042-4BA6267E7F96}
		{F6A082AE-A6EF-4A1A-9BFE-77DAAD9527D2} = {13CEFF55-6D42-4887-BFC7-6C7E224BC64C}
	EndGlobalSection
EndGlobal
