
Microsoft Visual Studio Solution File, Format Version 12.00
# Visual Studio 2012
Project("{FAE04EC0-301F-11D3-BF4B-00C04F79EFBC}") = "ExampleSite", "ExampleSite\ExampleSite.csproj", "{5A9FF5AE-1445-4388-950D-57EFAB52282D}"
EndProject
Project("{2150E333-8FDC-42A3-9474-1A3956D46DE8}") = ".nuget", ".nuget", "{CDE9465E-C7F8-422D-A14E-CB0E38435DC9}"
EndProject
Global
	GlobalSection(SolutionConfigurationPlatforms) = preSolution
		Debug|Any CPU = Debug|Any CPU
		Release|Any CPU = Release|Any CPU
	EndGlobalSection
	GlobalSection(ProjectConfigurationPlatforms) = postSolution
		{5A9FF5AE-1445-4388-950D-57EFAB52282D}.Debug|Any CPU.ActiveCfg = Debug|Any CPU
		{5A9FF5AE-1445-4388-950D-57EFAB52282D}.Debug|Any CPU.Build.0 = Debug|Any CPU
		{5A9FF5AE-1445-4388-950D-57EFAB52282D}.Release|Any CPU.ActiveCfg = Release|Any CPU
		{5A9FF5AE-1445-4388-950D-57EFAB52282D}.Release|Any CPU.Build.0 = Release|Any CPU
	EndGlobalSection
	GlobalSection(SolutionProperties) = preSolution
		HideSolutionNode = FALSE
	EndGlobalSection
EndGlobal
