
Microsoft Visual Studio Solution File, Format Version 12.00
# Visual Studio 2012
Project("{FAE04EC0-301F-11D3-BF4B-00C04F79EFBC}") = "MvcHome", "MvcHome\MvcHome.csproj", "{2F764A4E-1581-45A5-838E-7FD3FE75360F}"
EndProject
Project("{FAE04EC0-301F-11D3-BF4B-00C04F79EFBC}") = "MvcHome.Tests", "MvcHome.Tests\MvcHome.Tests.csproj", "{1C150E3A-3C07-494A-9F57-FC73B4EF24B2}"
EndProject
Global
	GlobalSection(SolutionConfigurationPlatforms) = preSolution
		Debug|Any CPU = Debug|Any CPU
		Release|Any CPU = Release|Any CPU
	EndGlobalSection
	GlobalSection(ProjectConfigurationPlatforms) = postSolution
		{2F764A4E-1581-45A5-838E-7FD3FE75360F}.Debug|Any CPU.ActiveCfg = Debug|Any CPU
		{2F764A4E-1581-45A5-838E-7FD3FE75360F}.Debug|Any CPU.Build.0 = Debug|Any CPU
		{2F764A4E-1581-45A5-838E-7FD3FE75360F}.Release|Any CPU.ActiveCfg = Release|Any CPU
		{2F764A4E-1581-45A5-838E-7FD3FE75360F}.Release|Any CPU.Build.0 = Release|Any CPU
		{1C150E3A-3C07-494A-9F57-FC73B4EF24B2}.Debug|Any CPU.ActiveCfg = Debug|Any CPU
		{1C150E3A-3C07-494A-9F57-FC73B4EF24B2}.Debug|Any CPU.Build.0 = Debug|Any CPU
		{1C150E3A-3C07-494A-9F57-FC73B4EF24B2}.Release|Any CPU.ActiveCfg = Release|Any CPU
		{1C150E3A-3C07-494A-9F57-FC73B4EF24B2}.Release|Any CPU.Build.0 = Release|Any CPU
	EndGlobalSection
	GlobalSection(SolutionProperties) = preSolution
		HideSolutionNode = FALSE
	EndGlobalSection
EndGlobal
