
Microsoft Visual Studio Solution File, Format Version 12.00
# Visual Studio 2012
Project("{FAE04EC0-301F-11D3-BF4B-00C04F79EFBC}") = "LuceneHacking", "LuceneHacking\LuceneHacking.csproj", "{4A765C11-5A21-4504-9044-ACC0E7651BAA}"
EndProject
Global
	GlobalSection(SolutionConfigurationPlatforms) = preSolution
		Debug|Any CPU = Debug|Any CPU
		Release|Any CPU = Release|Any CPU
	EndGlobalSection
	GlobalSection(ProjectConfigurationPlatforms) = postSolution
		{4A765C11-5A21-4504-9044-ACC0E7651BAA}.Debug|Any CPU.ActiveCfg = Debug|Any CPU
		{4A765C11-5A21-4504-9044-ACC0E7651BAA}.Debug|Any CPU.Build.0 = Debug|Any CPU
		{4A765C11-5A21-4504-9044-ACC0E7651BAA}.Release|Any CPU.ActiveCfg = Release|Any CPU
		{4A765C11-5A21-4504-9044-ACC0E7651BAA}.Release|Any CPU.Build.0 = Release|Any CPU
	EndGlobalSection
	GlobalSection(SolutionProperties) = preSolution
		HideSolutionNode = FALSE
	EndGlobalSection
EndGlobal
